
Microsoft Visual Studio Solution File, Format Version 12.00
# Visual Studio Version 16
VisualStudioVersion = 16.0.30907.101
MinimumVisualStudioVersion = 10.0.40219.1
Project("{9A19103F-16F7-4668-BE54-9A1E7A4F7556}") = "api", "api\api.csproj", "{B189FA94-3C18-4F6C-8B03-1C93EC3BF4B3}"
EndProject
Project("{FAE04EC0-301F-11D3-BF4B-00C04F79EFBC}") = "test", "test\test.csproj", "{10CC691D-8D7E-46F3-87B5-7466FCABD603}"
EndProject
Global
	GlobalSection(SolutionConfigurationPlatforms) = preSolution
		Debug|Any CPU = Debug|Any CPU
		Release|Any CPU = Release|Any CPU
	EndGlobalSection
	GlobalSection(ProjectConfigurationPlatforms) = postSolution
		{B189FA94-3C18-4F6C-8B03-1C93EC3BF4B3}.Debug|Any CPU.ActiveCfg = Debug|Any CPU
		{B189FA94-3C18-4F6C-8B03-1C93EC3BF4B3}.Debug|Any CPU.Build.0 = Debug|Any CPU
		{B189FA94-3C18-4F6C-8B03-1C93EC3BF4B3}.Release|Any CPU.ActiveCfg = Release|Any CPU
		{B189FA94-3C18-4F6C-8B03-1C93EC3BF4B3}.Release|Any CPU.Build.0 = Release|Any CPU
		{10CC691D-8D7E-46F3-87B5-7466FCABD603}.Debug|Any CPU.ActiveCfg = Debug|Any CPU
		{10CC691D-8D7E-46F3-87B5-7466FCABD603}.Debug|Any CPU.Build.0 = Debug|Any CPU
		{10CC691D-8D7E-46F3-87B5-7466FCABD603}.Release|Any CPU.ActiveCfg = Release|Any CPU
		{10CC691D-8D7E-46F3-87B5-7466FCABD603}.Release|Any CPU.Build.0 = Release|Any CPU
	EndGlobalSection
	GlobalSection(SolutionProperties) = preSolution
		HideSolutionNode = FALSE
	EndGlobalSection
	GlobalSection(ExtensibilityGlobals) = postSolution
		SolutionGuid = {F085D339-BB2E-43FF-8744-80814EA82494}
	EndGlobalSection
EndGlobal
